
Microsoft Visual Studio Solution File, Format Version 12.00
# Visual Studio Version 17
VisualStudioVersion = 17.2.32630.192
MinimumVisualStudioVersion = 10.0.40219.1
Project("{9A19103F-16F7-4668-BE54-9A1E7A4F7556}") = "Vector2D", "Vector2D.csproj", "{2601B1E1-D5C5-41EB-A6E6-13F885A9B591}"
EndProject
Global
	GlobalSection(SolutionConfigurationPlatforms) = preSolution
		Debug|Any CPU = Debug|Any CPU
		Release|Any CPU = Release|Any CPU
	EndGlobalSection
	GlobalSection(ProjectConfigurationPlatforms) = postSolution
		{2601B1E1-D5C5-41EB-A6E6-13F885A9B591}.Debug|Any CPU.ActiveCfg = Debug|Any CPU
		{2601B1E1-D5C5-41EB-A6E6-13F885A9B591}.Debug|Any CPU.Build.0 = Debug|Any CPU
		{2601B1E1-D5C5-41EB-A6E6-13F885A9B591}.Release|Any CPU.ActiveCfg = Release|Any CPU
		{2601B1E1-D5C5-41EB-A6E6-13F885A9B591}.Release|Any CPU.Build.0 = Release|Any CPU
	EndGlobalSection
	GlobalSection(SolutionProperties) = preSolution
		HideSolutionNode = FALSE
	EndGlobalSection
	GlobalSection(ExtensibilityGlobals) = postSolution
		SolutionGuid = {A87B2755-C578-4894-8161-6F02DF9C9054}
	EndGlobalSection
EndGlobal
