
Microsoft Visual Studio Solution File, Format Version 12.00
# Visual Studio Version 17
VisualStudioVersion = 17.6.33829.357
MinimumVisualStudioVersion = 10.0.40219.1
Project("{9A19103F-16F7-4668-BE54-9A1E7A4F7556}") = "MAGIC", "MAGIC.csproj", "{62958FD4-55EA-40B7-9ADB-91C672B1339B}"
EndProject
Project("{2150E333-8FDC-42A3-9474-1A3956D46DE8}") = "Solution Items", "Solution Items", "{2869205B-7E3A-4C67-9349-7AFF7A5D48CE}"
EndProject
Global
	GlobalSection(SolutionConfigurationPlatforms) = preSolution
		Debug|Any CPU = Debug|Any CPU
		Release|Any CPU = Release|Any CPU
	EndGlobalSection
	GlobalSection(ProjectConfigurationPlatforms) = postSolution
		{62958FD4-55EA-40B7-9ADB-91C672B1339B}.Debug|Any CPU.ActiveCfg = Debug|Any CPU
		{62958FD4-55EA-40B7-9ADB-91C672B1339B}.Debug|Any CPU.Build.0 = Debug|Any CPU
		{62958FD4-55EA-40B7-9ADB-91C672B1339B}.Release|Any CPU.ActiveCfg = Release|Any CPU
		{62958FD4-55EA-40B7-9ADB-91C672B1339B}.Release|Any CPU.Build.0 = Release|Any CPU
	EndGlobalSection
	GlobalSection(SolutionProperties) = preSolution
		HideSolutionNode = FALSE
	EndGlobalSection
	GlobalSection(ExtensibilityGlobals) = postSolution
		SolutionGuid = {1DBF0DE4-78FD-42C5-9788-D1FE188E6AD5}
	EndGlobalSection
EndGlobal
